// !$*UTF8*$!
{
	archiveVersion = 1;
	classes = {
	};
	objectVersion = 77;
	objects = {

/* Begin PBXBuildFile section */
		0CC1A42C2F6320F800337993 /* UserNotifications.framework in Frameworks */ = {isa = PBXBuildFile; fileRef = 0CC1A42B2F6320F800337993 /* UserNotifications.framework */; };
		0CC1A42E2F6320F800337993 /* UserNotificationsUI.framework in Frameworks */ = {isa = PBXBuildFile; fileRef = 0CC1A42D2F6320F800337993 /* UserNotificationsUI.framework */; };
		0CC1A4382F6320F800337993 /* ConnectNCE.appex in Embed Foundation Extensions */ = {isa = PBXBuildFile; fileRef = 0CC1A42A2F6320F800337993 /* ConnectNCE.appex */; settings = {ATTRIBUTES = (RemoveHeadersOnCopy, ); }; };
		0CC1B59D2F8FB4B500337993 /* Connect in Frameworks */ = {isa = PBXBuildFile; productRef = 0CC1B59C2F8FB4B500337993 /* Connect */; };
		0CC1B59F2F8FB4BE00337993 /* Connect in Frameworks */ = {isa = PBXBuildFile; productRef = 0CC1B59E2F8FB4BE00337993 /* Connect */; };
		0CC1B5A12F8FB4CC00337993 /* Connect in Frameworks */ = {isa = PBXBuildFile; productRef = 0CC1B5A02F8FB4CC00337993 /* Connect */; };
		0CE3C9612F5F01990051DD2F /* ConnectNSE.appex in Embed Foundation Extensions */ = {isa = PBXBuildFile; fileRef = 0CE3C95A2F5F01990051DD2F /* ConnectNSE.appex */; settings = {ATTRIBUTES = (RemoveHeadersOnCopy, ); }; };
/* End PBXBuildFile section */

/* Begin PBXContainerItemProxy section */
		0CC1A4362F6320F800337993 /* PBXContainerItemProxy */ = {
			isa = PBXContainerItemProxy;
			containerPortal = 0C590EA32F460ED200F4DABB /* Project object */;
			proxyType = 1;
			remoteGlobalIDString = 0CC1A4292F6320F800337993;
			remoteInfo = ConnectNCE;
		};
		0CE3C95F2F5F01990051DD2F /* PBXContainerItemProxy */ = {
			isa = PBXContainerItemProxy;
			containerPortal = 0C590EA32F460ED200F4DABB /* Project object */;
			proxyType = 1;
			remoteGlobalIDString = 0CE3C9592F5F01990051DD2F;
			remoteInfo = ConnectNSE;
		};
/* End PBXContainerItemProxy section */

/* Begin PBXCopyFilesBuildPhase section */
		0CE3C9622F5F01990051DD2F /* Embed Foundation Extensions */ = {
			isa = PBXCopyFilesBuildPhase;
			buildActionMask = 2147483647;
			dstPath = "";
			dstSubfolderSpec = 13;
			files = (
				0CC1A4382F6320F800337993 /* ConnectNCE.appex in Embed Foundation Extensions */,
				0CE3C9612F5F01990051DD2F /* ConnectNSE.appex in Embed Foundation Extensions */,
			);
			name = "Embed Foundation Extensions";
			runOnlyForDeploymentPostprocessing = 0;
		};
/* End PBXCopyFilesBuildPhase section */

/* Begin PBXFileReference section */
		0C590EAB2F460ED200F4DABB /* ConnectSampleApp.app */ = {isa = PBXFileReference; explicitFileType = wrapper.application; includeInIndex = 0; path = ConnectSampleApp.app; sourceTree = BUILT_PRODUCTS_DIR; };
		0CC1A42A2F6320F800337993 /* ConnectNCE.appex */ = {isa = PBXFileReference; explicitFileType = "wrapper.app-extension"; includeInIndex = 0; path = ConnectNCE.appex; sourceTree = BUILT_PRODUCTS_DIR; };
		0CC1A42B2F6320F800337993 /* UserNotifications.framework */ = {isa = PBXFileReference; lastKnownFileType = wrapper.framework; name = UserNotifications.framework; path = System/Library/Frameworks/UserNotifications.framework; sourceTree = SDKROOT; };
		0CC1A42D2F6320F800337993 /* UserNotificationsUI.framework */ = {isa = PBXFileReference; lastKnownFileType = wrapper.framework; name = UserNotificationsUI.framework; path = System/Library/Frameworks/UserNotificationsUI.framework; sourceTree = SDKROOT; };
		0CE3C95A2F5F01990051DD2F /* ConnectNSE.appex */ = {isa = PBXFileReference; explicitFileType = "wrapper.app-extension"; includeInIndex = 0; path = ConnectNSE.appex; sourceTree = BUILT_PRODUCTS_DIR; };
/* End PBXFileReference section */

/* Begin PBXFileSystemSynchronizedBuildFileExceptionSet section */
		0C7F3E212F47209100929EBA /* Exceptions for "ConnectSampleApp" folder in "ConnectSampleApp" target */ = {
			isa = PBXFileSystemSynchronizedBuildFileExceptionSet;
			membershipExceptions = (
				SupportingFiles/Info.plist,
			);
			target = 0C590EAA2F460ED200F4DABB /* ConnectSampleApp */;
		};
		0CE3C9662F5F01990051DD2F /* Exceptions for "ConnectNSE" folder in "ConnectNSE" target */ = {
			isa = PBXFileSystemSynchronizedBuildFileExceptionSet;
			membershipExceptions = (
				Info.plist,
			);
			target = 0CE3C9592F5F01990051DD2F /* ConnectNSE */;
		};
/* End PBXFileSystemSynchronizedBuildFileExceptionSet section */

/* Begin PBXFileSystemSynchronizedRootGroup section */
		0C590EAD2F460ED200F4DABB /* ConnectSampleApp */ = {
			isa = PBXFileSystemSynchronizedRootGroup;
			exceptions = (
				0C7F3E212F47209100929EBA /* Exceptions for "ConnectSampleApp" folder in "ConnectSampleApp" target */,
			);
			path = ConnectSampleApp;
			sourceTree = "<group>";
		};
		0CC1A42F2F6320F800337993 /* ConnectNCE */ = {
			isa = PBXFileSystemSynchronizedRootGroup;
			path = ConnectNCE;
			sourceTree = "<group>";
		};
		0CE3C95B2F5F01990051DD2F /* ConnectNSE */ = {
			isa = PBXFileSystemSynchronizedRootGroup;
			exceptions = (
				0CE3C9662F5F01990051DD2F /* Exceptions for "ConnectNSE" folder in "ConnectNSE" target */,
			);
			path = ConnectNSE;
			sourceTree = "<group>";
		};
		0C158615000000000000A001 /* Shared */ = {
			isa = PBXFileSystemSynchronizedRootGroup;
			name = Shared;
			path = ../Shared;
			sourceTree = "<group>";
		};
/* End PBXFileSystemSynchronizedRootGroup section */

/* Begin PBXFrameworksBuildPhase section */
		0C590EA82F460ED200F4DABB /* Frameworks */ = {
			isa = PBXFrameworksBuildPhase;
			buildActionMask = 2147483647;
			files = (
				0CC1B59D2F8FB4B500337993 /* Connect in Frameworks */,
			);
			runOnlyForDeploymentPostprocessing = 0;
		};
		0CC1A4272F6320F800337993 /* Frameworks */ = {
			isa = PBXFrameworksBuildPhase;
			buildActionMask = 2147483647;
			files = (
				0CC1B5A12F8FB4CC00337993 /* Connect in Frameworks */,
				0CC1A42E2F6320F800337993 /* UserNotificationsUI.framework in Frameworks */,
				0CC1A42C2F6320F800337993 /* UserNotifications.framework in Frameworks */,
			);
			runOnlyForDeploymentPostprocessing = 0;
		};
		0CE3C9572F5F01990051DD2F /* Frameworks */ = {
			isa = PBXFrameworksBuildPhase;
			buildActionMask = 2147483647;
			files = (
				0CC1B59F2F8FB4BE00337993 /* Connect in Frameworks */,
			);
			runOnlyForDeploymentPostprocessing = 0;
		};
/* End PBXFrameworksBuildPhase section */

/* Begin PBXGroup section */
		0C590EA22F460ED200F4DABB = {
			isa = PBXGroup;
			children = (
				0C590EAD2F460ED200F4DABB /* ConnectSampleApp */,
				0C158615000000000000A001 /* Shared */,
				0CE3C95B2F5F01990051DD2F /* ConnectNSE */,
				0CC1A42F2F6320F800337993 /* ConnectNCE */,
				0CE3C9672F5F02220051DD2F /* Frameworks */,
				0C590EAC2F460ED200F4DABB /* Products */,
			);
			sourceTree = "<group>";
		};
		0C590EAC2F460ED200F4DABB /* Products */ = {
			isa = PBXGroup;
			children = (
				0C590EAB2F460ED200F4DABB /* ConnectSampleApp.app */,
				0CE3C95A2F5F01990051DD2F /* ConnectNSE.appex */,
				0CC1A42A2F6320F800337993 /* ConnectNCE.appex */,
			);
			name = Products;
			sourceTree = "<group>";
		};
		0CE3C9672F5F02220051DD2F /* Frameworks */ = {
			isa = PBXGroup;
			children = (
				0CC1A42B2F6320F800337993 /* UserNotifications.framework */,
				0CC1A42D2F6320F800337993 /* UserNotificationsUI.framework */,
			);
			name = Frameworks;
			sourceTree = "<group>";
		};
/* End PBXGroup section */

/* Begin PBXNativeTarget section */
		0C590EAA2F460ED200F4DABB /* ConnectSampleApp */ = {
			isa = PBXNativeTarget;
			buildConfigurationList = 0C590EB62F460ED300F4DABB /* Build configuration list for PBXNativeTarget "ConnectSampleApp" */;
			buildPhases = (
				0C590EA72F460ED200F4DABB /* Sources */,
				0C590EA82F460ED200F4DABB /* Frameworks */,
				0C590EA92F460ED200F4DABB /* Resources */,
				0CE3C9622F5F01990051DD2F /* Embed Foundation Extensions */,
			);
			buildRules = (
			);
			dependencies = (
				0CE3C9602F5F01990051DD2F /* PBXTargetDependency */,
				0CC1A4372F6320F800337993 /* PBXTargetDependency */,
			);
			fileSystemSynchronizedGroups = (
				0C590EAD2F460ED200F4DABB /* ConnectSampleApp */,
				0C158615000000000000A001 /* Shared */,
			);
			name = ConnectSampleApp;
			packageProductDependencies = (
				0CC1B59C2F8FB4B500337993 /* Connect */,
			);
			productName = ConnectSampleApp;
			productReference = 0C590EAB2F460ED200F4DABB /* ConnectSampleApp.app */;
			productType = "com.apple.product-type.application";
		};
		0CC1A4292F6320F800337993 /* ConnectNCE */ = {
			isa = PBXNativeTarget;
			buildConfigurationList = 0CC1A43B2F6320F800337993 /* Build configuration list for PBXNativeTarget "ConnectNCE" */;
			buildPhases = (
				0CC1A4262F6320F800337993 /* Sources */,
				0CC1A4272F6320F800337993 /* Frameworks */,
			);
			buildRules = (
			);
			dependencies = (
			);
			fileSystemSynchronizedGroups = (
				0CC1A42F2F6320F800337993 /* ConnectNCE */,
			);
			name = ConnectNCE;
			packageProductDependencies = (
				0CC1B5A02F8FB4CC00337993 /* Connect */,
			);
			productName = ConnectNCE;
			productReference = 0CC1A42A2F6320F800337993 /* ConnectNCE.appex */;
			productType = "com.apple.product-type.app-extension";
		};
		0CE3C9592F5F01990051DD2F /* ConnectNSE */ = {
			isa = PBXNativeTarget;
			buildConfigurationList = 0CE3C9652F5F01990051DD2F /* Build configuration list for PBXNativeTarget "ConnectNSE" */;
			buildPhases = (
				0CE3C9562F5F01990051DD2F /* Sources */,
				0CE3C9572F5F01990051DD2F /* Frameworks */,
				0CE3C9582F5F01990051DD2F /* Resources */,
			);
			buildRules = (
			);
			dependencies = (
			);
			fileSystemSynchronizedGroups = (
				0CE3C95B2F5F01990051DD2F /* ConnectNSE */,
			);
			name = ConnectNSE;
			packageProductDependencies = (
				0CC1B59E2F8FB4BE00337993 /* Connect */,
			);
			productName = ConnectNSE;
			productReference = 0CE3C95A2F5F01990051DD2F /* ConnectNSE.appex */;
			productType = "com.apple.product-type.app-extension";
		};
/* End PBXNativeTarget section */

/* Begin PBXProject section */
		0C590EA32F460ED200F4DABB /* Project object */ = {
			isa = PBXProject;
			attributes = {
				BuildIndependentTargetsInParallel = 1;
				LastSwiftUpdateCheck = 2610;
				LastUpgradeCheck = 2610;
				TargetAttributes = {
					0C590EAA2F460ED200F4DABB = {
						CreatedOnToolsVersion = 26.1.1;
					};
					0CC1A4292F6320F800337993 = {
						CreatedOnToolsVersion = 26.1.1;
					};
					0CE3C9592F5F01990051DD2F = {
						CreatedOnToolsVersion = 26.1.1;
					};
				};
			};
			buildConfigurationList = 0C590EA62F460ED200F4DABB /* Build configuration list for PBXProject "ConnectSampleApp" */;
			developmentRegion = en;
			hasScannedForEncodings = 0;
			knownRegions = (
				en,
				Base,
			);
			mainGroup = 0C590EA22F460ED200F4DABB;
			minimizedProjectReferenceProxies = 1;
			packageReferences = (
				0CC1B59B2F8FB4B500337993 /* XCRemoteSwiftPackageReference "ConnectDebug-SP" */,
			);
			preferredProjectObjectVersion = 77;
			productRefGroup = 0C590EAC2F460ED200F4DABB /* Products */;
			projectDirPath = "";
			projectRoot = "";
			targets = (
				0C590EAA2F460ED200F4DABB /* ConnectSampleApp */,
				0CE3C9592F5F01990051DD2F /* ConnectNSE */,
				0CC1A4292F6320F800337993 /* ConnectNCE */,
			);
		};
/* End PBXProject section */

/* Begin PBXResourcesBuildPhase section */
		0C590EA92F460ED200F4DABB /* Resources */ = {
			isa = PBXResourcesBuildPhase;
			buildActionMask = 2147483647;
			files = (
			);
			runOnlyForDeploymentPostprocessing = 0;
		};
		0CE3C9582F5F01990051DD2F /* Resources */ = {
			isa = PBXResourcesBuildPhase;
			buildActionMask = 2147483647;
			files = (
			);
			runOnlyForDeploymentPostprocessing = 0;
		};
/* End PBXResourcesBuildPhase section */

/* Begin PBXSourcesBuildPhase section */
		0C590EA72F460ED200F4DABB /* Sources */ = {
			isa = PBXSourcesBuildPhase;
			buildActionMask = 2147483647;
			files = (
			);
			runOnlyForDeploymentPostprocessing = 0;
		};
		0CC1A4262F6320F800337993 /* Sources */ = {
			isa = PBXSourcesBuildPhase;
			buildActionMask = 2147483647;
			files = (
			);
			runOnlyForDeploymentPostprocessing = 0;
		};
		0CE3C9562F5F01990051DD2F /* Sources */ = {
			isa = PBXSourcesBuildPhase;
			buildActionMask = 2147483647;
			files = (
			);
			runOnlyForDeploymentPostprocessing = 0;
		};
/* End PBXSourcesBuildPhase section */

/* Begin PBXTargetDependency section */
		0CC1A4372F6320F800337993 /* PBXTargetDependency */ = {
			isa = PBXTargetDependency;
			target = 0CC1A4292F6320F800337993 /* ConnectNCE */;
			targetProxy = 0CC1A4362F6320F800337993 /* PBXContainerItemProxy */;
		};
		0CE3C9602F5F01990051DD2F /* PBXTargetDependency */ = {
			isa = PBXTargetDependency;
			target = 0CE3C9592F5F01990051DD2F /* ConnectNSE */;
			targetProxy = 0CE3C95F2F5F01990051DD2F /* PBXContainerItemProxy */;
		};
/* End PBXTargetDependency section */

/* Begin XCBuildConfiguration section */
		0C590EB42F460ED300F4DABB /* Debug */ = {
			isa = XCBuildConfiguration;
			buildSettings = {
				ALWAYS_SEARCH_USER_PATHS = NO;
				ASSETCATALOG_COMPILER_GENERATE_SWIFT_ASSET_SYMBOL_EXTENSIONS = YES;
				CLANG_ANALYZER_NONNULL = YES;
				CLANG_ANALYZER_NUMBER_OBJECT_CONVERSION = YES_AGGRESSIVE;
				CLANG_CXX_LANGUAGE_STANDARD = "gnu++20";
				CLANG_ENABLE_MODULES = YES;
				CLANG_ENABLE_OBJC_ARC = YES;
				CLANG_ENABLE_OBJC_WEAK = YES;
				CLANG_WARN_BLOCK_CAPTURE_AUTORELEASING = YES;
				CLANG_WARN_BOOL_CONVERSION = YES;
				CLANG_WARN_COMMA = YES;
				CLANG_WARN_CONSTANT_CONVERSION = YES;
				CLANG_WARN_DEPRECATED_OBJC_IMPLEMENTATIONS = YES;
				CLANG_WARN_DIRECT_OBJC_ISA_USAGE = YES_ERROR;
				CLANG_WARN_DOCUMENTATION_COMMENTS = YES;
				CLANG_WARN_EMPTY_BODY = YES;
				CLANG_WARN_ENUM_CONVERSION = YES;
				CLANG_WARN_INFINITE_RECURSION = YES;
				CLANG_WARN_INT_CONVERSION = YES;
				CLANG_WARN_NON_LITERAL_NULL_CONVERSION = YES;
				CLANG_WARN_OBJC_IMPLICIT_RETAIN_SELF = YES;
				CLANG_WARN_OBJC_LITERAL_CONVERSION = YES;
				CLANG_WARN_OBJC_ROOT_CLASS = YES_ERROR;
				CLANG_WARN_QUOTED_INCLUDE_IN_FRAMEWORK_HEADER = YES;
				CLANG_WARN_RANGE_LOOP_ANALYSIS = YES;
				CLANG_WARN_STRICT_PROTOTYPES = YES;
				CLANG_WARN_SUSPICIOUS_MOVE = YES;
				CLANG_WARN_UNGUARDED_AVAILABILITY = YES_AGGRESSIVE;
				CLANG_WARN_UNREACHABLE_CODE = YES;
				CLANG_WARN__DUPLICATE_METHOD_MATCH = YES;
				COPY_PHASE_STRIP = NO;
				DEBUG_INFORMATION_FORMAT = dwarf;
				DEVELOPMENT_TEAM = QXQ67VKX2B;
				ENABLE_STRICT_OBJC_MSGSEND = YES;
				ENABLE_TESTABILITY = YES;
				ENABLE_USER_SCRIPT_SANDBOXING = YES;
				GCC_C_LANGUAGE_STANDARD = gnu17;
				GCC_DYNAMIC_NO_PIC = NO;
				GCC_NO_COMMON_BLOCKS = YES;
				GCC_OPTIMIZATION_LEVEL = 0;
				GCC_PREPROCESSOR_DEFINITIONS = (
					"DEBUG=1",
					"$(inherited)",
				);
				GCC_WARN_64_TO_32_BIT_CONVERSION = YES;
				GCC_WARN_ABOUT_RETURN_TYPE = YES_ERROR;
				GCC_WARN_UNDECLARED_SELECTOR = YES;
				GCC_WARN_UNINITIALIZED_AUTOS = YES_AGGRESSIVE;
				GCC_WARN_UNUSED_FUNCTION = YES;
				GCC_WARN_UNUSED_VARIABLE = YES;
				IPHONEOS_DEPLOYMENT_TARGET = 26.1;
				LOCALIZATION_PREFERS_STRING_CATALOGS = YES;
				MTL_ENABLE_DEBUG_INFO = INCLUDE_SOURCE;
				MTL_FAST_MATH = YES;
				ONLY_ACTIVE_ARCH = YES;
				SDKROOT = iphoneos;
				SWIFT_ACTIVE_COMPILATION_CONDITIONS = "DEBUG $(inherited)";
				SWIFT_OPTIMIZATION_LEVEL = "-Onone";
				SWIFT_VERSION = "";
			};
			name = Debug;
		};
		0C590EB52F460ED300F4DABB /* Release */ = {
			isa = XCBuildConfiguration;
			buildSettings = {
				ALWAYS_SEARCH_USER_PATHS = NO;
				ASSETCATALOG_COMPILER_GENERATE_SWIFT_ASSET_SYMBOL_EXTENSIONS = YES;
				CLANG_ANALYZER_NONNULL = YES;
				CLANG_ANALYZER_NUMBER_OBJECT_CONVERSION = YES_AGGRESSIVE;
				CLANG_CXX_LANGUAGE_STANDARD = "gnu++20";
				CLANG_ENABLE_MODULES = YES;
				CLANG_ENABLE_OBJC_ARC = YES;
				CLANG_ENABLE_OBJC_WEAK = YES;
				CLANG_WARN_BLOCK_CAPTURE_AUTORELEASING = YES;
				CLANG_WARN_BOOL_CONVERSION = YES;
				CLANG_WARN_COMMA = YES;
				CLANG_WARN_CONSTANT_CONVERSION = YES;
				CLANG_WARN_DEPRECATED_OBJC_IMPLEMENTATIONS = YES;
				CLANG_WARN_DIRECT_OBJC_ISA_USAGE = YES_ERROR;
				CLANG_WARN_DOCUMENTATION_COMMENTS = YES;
				CLANG_WARN_EMPTY_BODY = YES;
				CLANG_WARN_ENUM_CONVERSION = YES;
				CLANG_WARN_INFINITE_RECURSION = YES;
				CLANG_WARN_INT_CONVERSION = YES;
				CLANG_WARN_NON_LITERAL_NULL_CONVERSION = YES;
				CLANG_WARN_OBJC_IMPLICIT_RETAIN_SELF = YES;
				CLANG_WARN_OBJC_LITERAL_CONVERSION = YES;
				CLANG_WARN_OBJC_ROOT_CLASS = YES_ERROR;
				CLANG_WARN_QUOTED_INCLUDE_IN_FRAMEWORK_HEADER = YES;
				CLANG_WARN_RANGE_LOOP_ANALYSIS = YES;
				CLANG_WARN_STRICT_PROTOTYPES = YES;
				CLANG_WARN_SUSPICIOUS_MOVE = YES;
				CLANG_WARN_UNGUARDED_AVAILABILITY = YES_AGGRESSIVE;
				CLANG_WARN_UNREACHABLE_CODE = YES;
				CLANG_WARN__DUPLICATE_METHOD_MATCH = YES;
				COPY_PHASE_STRIP = NO;
				DEBUG_INFORMATION_FORMAT = "dwarf-with-dsym";
				DEVELOPMENT_TEAM = QXQ67VKX2B;
				ENABLE_NS_ASSERTIONS = NO;
				ENABLE_STRICT_OBJC_MSGSEND = YES;
				ENABLE_USER_SCRIPT_SANDBOXING = YES;
				GCC_C_LANGUAGE_STANDARD = gnu17;
				GCC_NO_COMMON_BLOCKS = YES;
				GCC_WARN_64_TO_32_BIT_CONVERSION = YES;
				GCC_WARN_ABOUT_RETURN_TYPE = YES_ERROR;
				GCC_WARN_UNDECLARED_SELECTOR = YES;
				GCC_WARN_UNINITIALIZED_AUTOS = YES_AGGRESSIVE;
				GCC_WARN_UNUSED_FUNCTION = YES;
				GCC_WARN_UNUSED_VARIABLE = YES;
				IPHONEOS_DEPLOYMENT_TARGET = 26.1;
				LOCALIZATION_PREFERS_STRING_CATALOGS = YES;
				MTL_ENABLE_DEBUG_INFO = NO;
				MTL_FAST_MATH = YES;
				SDKROOT = iphoneos;
				SWIFT_COMPILATION_MODE = wholemodule;
				SWIFT_VERSION = "";
				VALIDATE_PRODUCT = YES;
			};
			name = Release;
		};
		0C590EB72F460ED300F4DABB /* Debug */ = {
			isa = XCBuildConfiguration;
			buildSettings = {
				ASSETCATALOG_COMPILER_APPICON_NAME = AppIcon;
				ASSETCATALOG_COMPILER_GLOBAL_ACCENT_COLOR_NAME = AccentColor;
				CODE_SIGN_ENTITLEMENTS = ConnectSampleApp/Resources/ConnectSampleApp.entitlements;
				CODE_SIGN_STYLE = Automatic;
				CURRENT_PROJECT_VERSION = 1;
				DEVELOPMENT_TEAM = QXQ67VKX2B;
				ENABLE_PREVIEWS = YES;
				GENERATE_INFOPLIST_FILE = YES;
				INFOPLIST_FILE = ConnectSampleApp/SupportingFiles/Info.plist;
				INFOPLIST_KEY_ITSAppUsesNonExemptEncryption = NO;
				INFOPLIST_KEY_NSLocationWhenInUseUsageDescription = "This app uses your location to personalize push notifications and improve message relevance.";
				INFOPLIST_KEY_UIApplicationSceneManifest_Generation = YES;
				INFOPLIST_KEY_UIApplicationSupportsIndirectInputEvents = YES;
				INFOPLIST_KEY_UILaunchScreen_Generation = YES;
				INFOPLIST_KEY_UISupportedInterfaceOrientations_iPad = "UIInterfaceOrientationPortrait UIInterfaceOrientationPortraitUpsideDown UIInterfaceOrientationLandscapeLeft UIInterfaceOrientationLandscapeRight";
				INFOPLIST_KEY_UISupportedInterfaceOrientations_iPhone = "UIInterfaceOrientationPortrait UIInterfaceOrientationLandscapeLeft UIInterfaceOrientationLandscapeRight";
				IPHONEOS_DEPLOYMENT_TARGET = 15.1;
				LD_RUNPATH_SEARCH_PATHS = (
					"$(inherited)",
					"@executable_path/Frameworks",
				);
				MARKETING_VERSION = 1.0;
				PRODUCT_BUNDLE_IDENTIFIER = co.acoustic.mobile.connect.new.demo.external.ConnectPushSampleApp;
				PRODUCT_NAME = "$(TARGET_NAME)";
				STRING_CATALOG_GENERATE_SYMBOLS = YES;
				SWIFT_APPROACHABLE_CONCURRENCY = YES;
				SWIFT_DEFAULT_ACTOR_ISOLATION = nonisolated;
				SWIFT_EMIT_LOC_STRINGS = YES;
				SWIFT_STRICT_CONCURRENCY = minimal;
				SWIFT_UPCOMING_FEATURE_MEMBER_IMPORT_VISIBILITY = YES;
				SWIFT_VERSION = 5.0;
				TARGETED_DEVICE_FAMILY = "1,2";
			};
			name = Debug;
		};
		0C590EB82F460ED300F4DABB /* Release */ = {
			isa = XCBuildConfiguration;
			buildSettings = {
				ASSETCATALOG_COMPILER_APPICON_NAME = AppIcon;
				ASSETCATALOG_COMPILER_GLOBAL_ACCENT_COLOR_NAME = AccentColor;
				CODE_SIGN_ENTITLEMENTS = ConnectSampleApp/Resources/ConnectSampleApp.entitlements;
				CODE_SIGN_STYLE = Automatic;
				CURRENT_PROJECT_VERSION = 1;
				DEVELOPMENT_TEAM = QXQ67VKX2B;
				ENABLE_PREVIEWS = YES;
				GENERATE_INFOPLIST_FILE = YES;
				INFOPLIST_FILE = ConnectSampleApp/SupportingFiles/Info.plist;
				INFOPLIST_KEY_ITSAppUsesNonExemptEncryption = NO;
				INFOPLIST_KEY_NSLocationWhenInUseUsageDescription = "This app uses your location to personalize push notifications and improve message relevance.";
				INFOPLIST_KEY_UIApplicationSceneManifest_Generation = YES;
				INFOPLIST_KEY_UIApplicationSupportsIndirectInputEvents = YES;
				INFOPLIST_KEY_UILaunchScreen_Generation = YES;
				INFOPLIST_KEY_UISupportedInterfaceOrientations_iPad = "UIInterfaceOrientationPortrait UIInterfaceOrientationPortraitUpsideDown UIInterfaceOrientationLandscapeLeft UIInterfaceOrientationLandscapeRight";
				INFOPLIST_KEY_UISupportedInterfaceOrientations_iPhone = "UIInterfaceOrientationPortrait UIInterfaceOrientationLandscapeLeft UIInterfaceOrientationLandscapeRight";
				IPHONEOS_DEPLOYMENT_TARGET = 15.1;
				LD_RUNPATH_SEARCH_PATHS = (
					"$(inherited)",
					"@executable_path/Frameworks",
				);
				MARKETING_VERSION = 1.0;
				PRODUCT_BUNDLE_IDENTIFIER = co.acoustic.mobile.connect.new.demo.external.ConnectPushSampleApp;
				PRODUCT_NAME = "$(TARGET_NAME)";
				STRING_CATALOG_GENERATE_SYMBOLS = YES;
				SWIFT_APPROACHABLE_CONCURRENCY = YES;
				SWIFT_DEFAULT_ACTOR_ISOLATION = nonisolated;
				SWIFT_EMIT_LOC_STRINGS = YES;
				SWIFT_STRICT_CONCURRENCY = minimal;
				SWIFT_UPCOMING_FEATURE_MEMBER_IMPORT_VISIBILITY = YES;
				SWIFT_VERSION = 5.0;
				TARGETED_DEVICE_FAMILY = "1,2";
			};
			name = Release;
		};
		0CC1A4392F6320F800337993 /* Debug */ = {
			isa = XCBuildConfiguration;
			buildSettings = {
				CODE_SIGN_ENTITLEMENTS = ConnectNCE/ConnectNCE.entitlements;
				CODE_SIGN_STYLE = Automatic;
				CURRENT_PROJECT_VERSION = 1;
				DEVELOPMENT_TEAM = QXQ67VKX2B;
				GENERATE_INFOPLIST_FILE = YES;
				INFOPLIST_FILE = ConnectNCE/Info.plist;
				INFOPLIST_KEY_CFBundleDisplayName = ConnectNCE;
				INFOPLIST_KEY_NSHumanReadableCopyright = "";
				IPHONEOS_DEPLOYMENT_TARGET = 15.1;
				LD_RUNPATH_SEARCH_PATHS = (
					"$(inherited)",
					"@executable_path/Frameworks",
					"@executable_path/../../Frameworks",
				);
				MARKETING_VERSION = 1.0;
				PRODUCT_BUNDLE_IDENTIFIER = co.acoustic.mobile.connect.new.demo.external.ConnectPushSampleApp.ConnectNCE;
				PRODUCT_NAME = "$(TARGET_NAME)";
				SKIP_INSTALL = YES;
				STRING_CATALOG_GENERATE_SYMBOLS = YES;
				SWIFT_APPROACHABLE_CONCURRENCY = YES;
				SWIFT_EMIT_LOC_STRINGS = YES;
				SWIFT_STRICT_CONCURRENCY = minimal;
				SWIFT_UPCOMING_FEATURE_MEMBER_IMPORT_VISIBILITY = YES;
				SWIFT_VERSION = 5.0;
				TARGETED_DEVICE_FAMILY = "1,2";
			};
			name = Debug;
		};
		0CC1A43A2F6320F800337993 /* Release */ = {
			isa = XCBuildConfiguration;
			buildSettings = {
				CODE_SIGN_ENTITLEMENTS = ConnectNCE/ConnectNCE.entitlements;
				CODE_SIGN_STYLE = Automatic;
				CURRENT_PROJECT_VERSION = 1;
				DEVELOPMENT_TEAM = QXQ67VKX2B;
				GENERATE_INFOPLIST_FILE = YES;
				INFOPLIST_FILE = ConnectNCE/Info.plist;
				INFOPLIST_KEY_CFBundleDisplayName = ConnectNCE;
				INFOPLIST_KEY_NSHumanReadableCopyright = "";
				IPHONEOS_DEPLOYMENT_TARGET = 15.1;
				LD_RUNPATH_SEARCH_PATHS = (
					"$(inherited)",
					"@executable_path/Frameworks",
					"@executable_path/../../Frameworks",
				);
				MARKETING_VERSION = 1.0;
				PRODUCT_BUNDLE_IDENTIFIER = co.acoustic.mobile.connect.new.demo.external.ConnectPushSampleApp.ConnectNCE;
				PRODUCT_NAME = "$(TARGET_NAME)";
				SKIP_INSTALL = YES;
				STRING_CATALOG_GENERATE_SYMBOLS = YES;
				SWIFT_APPROACHABLE_CONCURRENCY = YES;
				SWIFT_EMIT_LOC_STRINGS = YES;
				SWIFT_STRICT_CONCURRENCY = minimal;
				SWIFT_UPCOMING_FEATURE_MEMBER_IMPORT_VISIBILITY = YES;
				SWIFT_VERSION = 5.0;
				TARGETED_DEVICE_FAMILY = "1,2";
			};
			name = Release;
		};
		0CE3C9632F5F01990051DD2F /* Debug */ = {
			isa = XCBuildConfiguration;
			buildSettings = {
				CODE_SIGN_ENTITLEMENTS = ConnectNSE/ConnectNSE.entitlements;
				CODE_SIGN_STYLE = Automatic;
				CURRENT_PROJECT_VERSION = 1;
				DEVELOPMENT_TEAM = QXQ67VKX2B;
				ENABLE_DEBUG_DYLIB = NO;
				GENERATE_INFOPLIST_FILE = YES;
				INFOPLIST_FILE = ConnectNSE/Info.plist;
				INFOPLIST_KEY_CFBundleDisplayName = ConnectNSE;
				INFOPLIST_KEY_NSHumanReadableCopyright = "";
				IPHONEOS_DEPLOYMENT_TARGET = 15.1;
				LD_RUNPATH_SEARCH_PATHS = (
					"$(inherited)",
					"@executable_path/Frameworks",
					"@executable_path/../../Frameworks",
				);
				MARKETING_VERSION = 1.0;
				PRODUCT_BUNDLE_IDENTIFIER = co.acoustic.mobile.connect.new.demo.external.ConnectPushSampleApp.ConnectNSE;
				PRODUCT_NAME = "$(TARGET_NAME)";
				SKIP_INSTALL = YES;
				STRING_CATALOG_GENERATE_SYMBOLS = YES;
				SWIFT_APPROACHABLE_CONCURRENCY = YES;
				SWIFT_EMIT_LOC_STRINGS = YES;
				SWIFT_STRICT_CONCURRENCY = minimal;
				SWIFT_UPCOMING_FEATURE_MEMBER_IMPORT_VISIBILITY = YES;
				SWIFT_VERSION = 5.0;
				TARGETED_DEVICE_FAMILY = "1,2";
			};
			name = Debug;
		};
		0CE3C9642F5F01990051DD2F /* Release */ = {
			isa = XCBuildConfiguration;
			buildSettings = {
				CODE_SIGN_ENTITLEMENTS = ConnectNSE/ConnectNSE.entitlements;
				CODE_SIGN_STYLE = Automatic;
				CURRENT_PROJECT_VERSION = 1;
				DEVELOPMENT_TEAM = QXQ67VKX2B;
				ENABLE_DEBUG_DYLIB = NO;
				GENERATE_INFOPLIST_FILE = YES;
				INFOPLIST_FILE = ConnectNSE/Info.plist;
				INFOPLIST_KEY_CFBundleDisplayName = ConnectNSE;
				INFOPLIST_KEY_NSHumanReadableCopyright = "";
				IPHONEOS_DEPLOYMENT_TARGET = 15.1;
				LD_RUNPATH_SEARCH_PATHS = (
					"$(inherited)",
					"@executable_path/Frameworks",
					"@executable_path/../../Frameworks",
				);
				MARKETING_VERSION = 1.0;
				PRODUCT_BUNDLE_IDENTIFIER = co.acoustic.mobile.connect.new.demo.external.ConnectPushSampleApp.ConnectNSE;
				PRODUCT_NAME = "$(TARGET_NAME)";
				SKIP_INSTALL = YES;
				STRING_CATALOG_GENERATE_SYMBOLS = YES;
				SWIFT_APPROACHABLE_CONCURRENCY = YES;
				SWIFT_EMIT_LOC_STRINGS = YES;
				SWIFT_STRICT_CONCURRENCY = minimal;
				SWIFT_UPCOMING_FEATURE_MEMBER_IMPORT_VISIBILITY = YES;
				SWIFT_VERSION = 5.0;
				TARGETED_DEVICE_FAMILY = "1,2";
			};
			name = Release;
		};
/* End XCBuildConfiguration section */

/* Begin XCConfigurationList section */
		0C590EA62F460ED200F4DABB /* Build configuration list for PBXProject "ConnectSampleApp" */ = {
			isa = XCConfigurationList;
			buildConfigurations = (
				0C590EB42F460ED300F4DABB /* Debug */,
				0C590EB52F460ED300F4DABB /* Release */,
			);
			defaultConfigurationIsVisible = 0;
			defaultConfigurationName = Release;
		};
		0C590EB62F460ED300F4DABB /* Build configuration list for PBXNativeTarget "ConnectSampleApp" */ = {
			isa = XCConfigurationList;
			buildConfigurations = (
				0C590EB72F460ED300F4DABB /* Debug */,
				0C590EB82F460ED300F4DABB /* Release */,
			);
			defaultConfigurationIsVisible = 0;
			defaultConfigurationName = Release;
		};
		0CC1A43B2F6320F800337993 /* Build configuration list for PBXNativeTarget "ConnectNCE" */ = {
			isa = XCConfigurationList;
			buildConfigurations = (
				0CC1A4392F6320F800337993 /* Debug */,
				0CC1A43A2F6320F800337993 /* Release */,
			);
			defaultConfigurationIsVisible = 0;
			defaultConfigurationName = Release;
		};
		0CE3C9652F5F01990051DD2F /* Build configuration list for PBXNativeTarget "ConnectNSE" */ = {
			isa = XCConfigurationList;
			buildConfigurations = (
				0CE3C9632F5F01990051DD2F /* Debug */,
				0CE3C9642F5F01990051DD2F /* Release */,
			);
			defaultConfigurationIsVisible = 0;
			defaultConfigurationName = Release;
		};
/* End XCConfigurationList section */

/* Begin XCRemoteSwiftPackageReference section */
		0CC1B59B2F8FB4B500337993 /* XCRemoteSwiftPackageReference "ConnectDebug-SP" */ = {
			isa = XCRemoteSwiftPackageReference;
			repositoryURL = "https://github.com/go-acoustic/ConnectDebug-SP";
			requirement = {
				kind = exactVersion;
				version = 2.2.2;
			};
		};
/* End XCRemoteSwiftPackageReference section */

/* Begin XCSwiftPackageProductDependency section */
		0CC1B59C2F8FB4B500337993 /* Connect */ = {
			isa = XCSwiftPackageProductDependency;
			package = 0CC1B59B2F8FB4B500337993 /* XCRemoteSwiftPackageReference "ConnectDebug-SP" */;
			productName = Connect;
		};
		0CC1B59E2F8FB4BE00337993 /* Connect */ = {
			isa = XCSwiftPackageProductDependency;
			package = 0CC1B59B2F8FB4B500337993 /* XCRemoteSwiftPackageReference "ConnectDebug-SP" */;
			productName = Connect;
		};
		0CC1B5A02F8FB4CC00337993 /* Connect */ = {
			isa = XCSwiftPackageProductDependency;
			package = 0CC1B59B2F8FB4B500337993 /* XCRemoteSwiftPackageReference "ConnectDebug-SP" */;
			productName = Connect;
		};
/* End XCSwiftPackageProductDependency section */
	};
	rootObject = 0C590EA32F460ED200F4DABB /* Project object */;
}
