{
  "originHash" : "6f3fddce9de64c7cbfc17dbf6cbf72e1d8f439c9b277f2424345f62a654dc3b2",
  "pins" : [
    {
      "identity" : "connectdebug-sp",
      "kind" : "remoteSourceControl",
      "location" : "https://github.com/go-acoustic/ConnectDebug-SP",
      "state" : {
        "revision" : "4eb5008a04928182c4627dadc595e480cb2711e5",
        "version" : "2.1.32"
      }
    }
  ],
  "version" : 3
}
