{
  "originHash" : "6f3fddce9de64c7cbfc17dbf6cbf72e1d8f439c9b277f2424345f62a654dc3b2",
  "pins" : [
    {
      "identity" : "connectdebug-sp",
      "kind" : "remoteSourceControl",
      "location" : "https://github.com/go-acoustic/ConnectDebug-SP",
      "state" : {
        "revision" : "fc635e64f42168cfe459ad76df7ae7baeec3ea2d",
        "version" : "2.1.40"
      }
    }
  ],
  "version" : 3
}
