{
  "originHash" : "6f3fddce9de64c7cbfc17dbf6cbf72e1d8f439c9b277f2424345f62a654dc3b2",
  "pins" : [
    {
      "identity" : "connectdebug-sp",
      "kind" : "remoteSourceControl",
      "location" : "https://github.com/go-acoustic/ConnectDebug-SP",
      "state" : {
        "revision" : "fa401db594b51c5daff322f2fe29bce9b9ccabe7",
        "version" : "2.1.39"
      }
    }
  ],
  "version" : 3
}
