{
  "originHash" : "23813928970219691f6fde6360532701bbcd733896e6647e58a43f261d156fb3",
  "pins" : [
    {
      "identity" : "connect-sp",
      "kind" : "remoteSourceControl",
      "location" : "https://github.com/go-acoustic/Connect-SP",
      "state" : {
        "revision" : "64a634b8ee0a6b3f7baeb2087efe2d4df981da96",
        "version" : "2.2.2"
      }
    }
  ],
  "version" : 3
}
